
Microsoft Visual Studio Solution File, Format Version 12.00
# Visual Studio Version 17
VisualStudioVersion = 17.10.34928.147
MinimumVisualStudioVersion = 10.0.40219.1
Project("{9A19103F-16F7-4668-BE54-9A1E7A4F7556}") = "Direct.Producer", "Direct.Producer\Direct.Producer.csproj", "{23CFF5C4-028A-47AD-82D9-3B6937B85DB7}"
EndProject
Project("{9A19103F-16F7-4668-BE54-9A1E7A4F7556}") = "Direct.Consumer", "Direct.Consumer\Direct.Consumer.csproj", "{667A1397-A328-4D46-B92E-97CAC461AD47}"
EndProject
Project("{9A19103F-16F7-4668-BE54-9A1E7A4F7556}") = "Fanout.Consumer", "Fanout.Consumer\Fanout.Consumer.csproj", "{562A98AA-7FA8-4831-8594-3DB3548461F0}"
EndProject
Project("{9A19103F-16F7-4668-BE54-9A1E7A4F7556}") = "Fanout.Producer", "Fanout.Producer\Fanout.Producer.csproj", "{204F6EF4-923B-40A7-B3D7-CAC414195728}"
EndProject
Project("{9A19103F-16F7-4668-BE54-9A1E7A4F7556}") = "TopicExchange.Consumer", "TopicExchange.Consumer\TopicExchange.Consumer.csproj", "{46A012C0-C2F9-453C-9A7E-144138B39E61}"
EndProject
Project("{9A19103F-16F7-4668-BE54-9A1E7A4F7556}") = "TopicExchange.Producer", "TopicExchange.Producer\TopicExchange.Producer.csproj", "{12929CC9-3990-47EE-B3AB-28FBEDC91A8F}"
EndProject
Project("{FAE04EC0-301F-11D3-BF4B-00C04F79EFBC}") = "HeadersExcahnge.Producer", "HeadersExcahnge.Producer\HeadersExcahnge.Producer.csproj", "{78438CEA-EAC1-47FB-AA74-5483C109AB53}"
EndProject
Project("{FAE04EC0-301F-11D3-BF4B-00C04F79EFBC}") = "HeadersExcahnge.Consumer", "HeadersExcahnge.Consumer\HeadersExcahnge.Consumer.csproj", "{85DD9856-254A-4E7C-87D5-FD5543B0CB4D}"
EndProject
Global
	GlobalSection(SolutionConfigurationPlatforms) = preSolution
		Debug|Any CPU = Debug|Any CPU
		Release|Any CPU = Release|Any CPU
	EndGlobalSection
	GlobalSection(ProjectConfigurationPlatforms) = postSolution
		{23CFF5C4-028A-47AD-82D9-3B6937B85DB7}.Debug|Any CPU.ActiveCfg = Debug|Any CPU
		{23CFF5C4-028A-47AD-82D9-3B6937B85DB7}.Debug|Any CPU.Build.0 = Debug|Any CPU
		{23CFF5C4-028A-47AD-82D9-3B6937B85DB7}.Release|Any CPU.ActiveCfg = Release|Any CPU
		{23CFF5C4-028A-47AD-82D9-3B6937B85DB7}.Release|Any CPU.Build.0 = Release|Any CPU
		{667A1397-A328-4D46-B92E-97CAC461AD47}.Debug|Any CPU.ActiveCfg = Debug|Any CPU
		{667A1397-A328-4D46-B92E-97CAC461AD47}.Debug|Any CPU.Build.0 = Debug|Any CPU
		{667A1397-A328-4D46-B92E-97CAC461AD47}.Release|Any CPU.ActiveCfg = Release|Any CPU
		{667A1397-A328-4D46-B92E-97CAC461AD47}.Release|Any CPU.Build.0 = Release|Any CPU
		{562A98AA-7FA8-4831-8594-3DB3548461F0}.Debug|Any CPU.ActiveCfg = Debug|Any CPU
		{562A98AA-7FA8-4831-8594-3DB3548461F0}.Debug|Any CPU.Build.0 = Debug|Any CPU
		{562A98AA-7FA8-4831-8594-3DB3548461F0}.Release|Any CPU.ActiveCfg = Release|Any CPU
		{562A98AA-7FA8-4831-8594-3DB3548461F0}.Release|Any CPU.Build.0 = Release|Any CPU
		{204F6EF4-923B-40A7-B3D7-CAC414195728}.Debug|Any CPU.ActiveCfg = Debug|Any CPU
		{204F6EF4-923B-40A7-B3D7-CAC414195728}.Debug|Any CPU.Build.0 = Debug|Any CPU
		{204F6EF4-923B-40A7-B3D7-CAC414195728}.Release|Any CPU.ActiveCfg = Release|Any CPU
		{204F6EF4-923B-40A7-B3D7-CAC414195728}.Release|Any CPU.Build.0 = Release|Any CPU
		{46A012C0-C2F9-453C-9A7E-144138B39E61}.Debug|Any CPU.ActiveCfg = Debug|Any CPU
		{46A012C0-C2F9-453C-9A7E-144138B39E61}.Debug|Any CPU.Build.0 = Debug|Any CPU
		{46A012C0-C2F9-453C-9A7E-144138B39E61}.Release|Any CPU.ActiveCfg = Release|Any CPU
		{46A012C0-C2F9-453C-9A7E-144138B39E61}.Release|Any CPU.Build.0 = Release|Any CPU
		{12929CC9-3990-47EE-B3AB-28FBEDC91A8F}.Debug|Any CPU.ActiveCfg = Debug|Any CPU
		{12929CC9-3990-47EE-B3AB-28FBEDC91A8F}.Debug|Any CPU.Build.0 = Debug|Any CPU
		{12929CC9-3990-47EE-B3AB-28FBEDC91A8F}.Release|Any CPU.ActiveCfg = Release|Any CPU
		{12929CC9-3990-47EE-B3AB-28FBEDC91A8F}.Release|Any CPU.Build.0 = Release|Any CPU
		{78438CEA-EAC1-47FB-AA74-5483C109AB53}.Debug|Any CPU.ActiveCfg = Debug|Any CPU
		{78438CEA-EAC1-47FB-AA74-5483C109AB53}.Debug|Any CPU.Build.0 = Debug|Any CPU
		{78438CEA-EAC1-47FB-AA74-5483C109AB53}.Release|Any CPU.ActiveCfg = Release|Any CPU
		{78438CEA-EAC1-47FB-AA74-5483C109AB53}.Release|Any CPU.Build.0 = Release|Any CPU
		{85DD9856-254A-4E7C-87D5-FD5543B0CB4D}.Debug|Any CPU.ActiveCfg = Debug|Any CPU
		{85DD9856-254A-4E7C-87D5-FD5543B0CB4D}.Debug|Any CPU.Build.0 = Debug|Any CPU
		{85DD9856-254A-4E7C-87D5-FD5543B0CB4D}.Release|Any CPU.ActiveCfg = Release|Any CPU
		{85DD9856-254A-4E7C-87D5-FD5543B0CB4D}.Release|Any CPU.Build.0 = Release|Any CPU
	EndGlobalSection
	GlobalSection(SolutionProperties) = preSolution
		HideSolutionNode = FALSE
	EndGlobalSection
	GlobalSection(ExtensibilityGlobals) = postSolution
		SolutionGuid = {BD6900CA-D773-4A24-BC63-E2459663BEF6}
	EndGlobalSection
EndGlobal
